
Microsoft Visual Studio Solution File, Format Version 12.00
# Visual Studio 15
VisualStudioVersion = 15.0.27703.2047
MinimumVisualStudioVersion = 10.0.40219.1
Project("{FAE04EC0-301F-11D3-BF4B-00C04F79EFBC}") = "Pdf", "Pdf\Pdf.csproj", "{47B26AA9-4A31-4A0D-9412-091385482347}"
EndProject
Global
	GlobalSection(SolutionConfigurationPlatforms) = preSolution
		Debug|Any CPU = Debug|Any CPU
		Release|Any CPU = Release|Any CPU
	EndGlobalSection
	GlobalSection(ProjectConfigurationPlatforms) = postSolution
		{47B26AA9-4A31-4A0D-9412-091385482347}.Debug|Any CPU.ActiveCfg = Debug|Any CPU
		{47B26AA9-4A31-4A0D-9412-091385482347}.Debug|Any CPU.Build.0 = Debug|Any CPU
		{47B26AA9-4A31-4A0D-9412-091385482347}.Release|Any CPU.ActiveCfg = Release|Any CPU
		{47B26AA9-4A31-4A0D-9412-091385482347}.Release|Any CPU.Build.0 = Release|Any CPU
	EndGlobalSection
	GlobalSection(SolutionProperties) = preSolution
		HideSolutionNode = FALSE
	EndGlobalSection
	GlobalSection(ExtensibilityGlobals) = postSolution
		SolutionGuid = {8C68E308-7DBB-425A-9652-71FE65917DA2}
	EndGlobalSection
EndGlobal
